
Microsoft Visual Studio Solution File, Format Version 12.00
# Visual Studio Version 16
VisualStudioVersion = 16.0.31702.278
MinimumVisualStudioVersion = 10.0.40219.1
Project("{FAE04EC0-301F-11D3-BF4B-00C04F79EFBC}") = "MatchGame", "MatchGame\MatchGame.csproj", "{4ECAFBAE-E3EE-434B-94DE-26D0660FE10E}"
EndProject
Global
	GlobalSection(SolutionConfigurationPlatforms) = preSolution
		Debug|Any CPU = Debug|Any CPU
		Release|Any CPU = Release|Any CPU
	EndGlobalSection
	GlobalSection(ProjectConfigurationPlatforms) = postSolution
		{4ECAFBAE-E3EE-434B-94DE-26D0660FE10E}.Debug|Any CPU.ActiveCfg = Debug|Any CPU
		{4ECAFBAE-E3EE-434B-94DE-26D0660FE10E}.Debug|Any CPU.Build.0 = Debug|Any CPU
		{4ECAFBAE-E3EE-434B-94DE-26D0660FE10E}.Release|Any CPU.ActiveCfg = Release|Any CPU
		{4ECAFBAE-E3EE-434B-94DE-26D0660FE10E}.Release|Any CPU.Build.0 = Release|Any CPU
	EndGlobalSection
	GlobalSection(SolutionProperties) = preSolution
		HideSolutionNode = FALSE
	EndGlobalSection
	GlobalSection(ExtensibilityGlobals) = postSolution
		SolutionGuid = {1080F2F0-D612-408B-869B-4B26A1F25690}
	EndGlobalSection
EndGlobal
